// !$*UTF8*$!
{
	archiveVersion = 1;
	classes = {
	};
	objectVersion = 46;
	objects = {

/* Begin PBXBuildFile section */
		749B4B581D2AE5C20063CAED /* Paddle.swift in Sources */ = {isa = PBXBuildFile; fileRef = 749B4B571D2AE5C20063CAED /* Paddle.swift */; };
		749B4B5A1D2C1C5E0063CAED /* MainMenu.sks in Resources */ = {isa = PBXBuildFile; fileRef = 749B4B591D2C1C5E0063CAED /* MainMenu.sks */; };
		749B4B5C1D2C1C820063CAED /* MainMenu.swift in Sources */ = {isa = PBXBuildFile; fileRef = 749B4B5B1D2C1C820063CAED /* MainMenu.swift */; };
		749B4B5E1D2C27C40063CAED /* Obstacle.swift in Sources */ = {isa = PBXBuildFile; fileRef = 749B4B5D1D2C27C40063CAED /* Obstacle.swift */; };
		749B4B601D2C292B0063CAED /* PhysicsBitMasks.swift in Sources */ = {isa = PBXBuildFile; fileRef = 749B4B5F1D2C292B0063CAED /* PhysicsBitMasks.swift */; };
		749B4B681D2C310A0063CAED /* PowerUp.swift in Sources */ = {isa = PBXBuildFile; fileRef = 749B4B671D2C310A0063CAED /* PowerUp.swift */; };
		74A6AD3C1D2300C300B2BFD6 /* AppDelegate.swift in Sources */ = {isa = PBXBuildFile; fileRef = 74A6AD3B1D2300C300B2BFD6 /* AppDelegate.swift */; };
		74A6AD3E1D2300C300B2BFD6 /* GameScene.sks in Resources */ = {isa = PBXBuildFile; fileRef = 74A6AD3D1D2300C300B2BFD6 /* GameScene.sks */; };
		74A6AD401D2300C300B2BFD6 /* GameScene.swift in Sources */ = {isa = PBXBuildFile; fileRef = 74A6AD3F1D2300C300B2BFD6 /* GameScene.swift */; };
		74A6AD421D2300C300B2BFD6 /* GameViewController.swift in Sources */ = {isa = PBXBuildFile; fileRef = 74A6AD411D2300C300B2BFD6 /* GameViewController.swift */; };
		74A6AD451D2300C300B2BFD6 /* Main.storyboard in Resources */ = {isa = PBXBuildFile; fileRef = 74A6AD431D2300C300B2BFD6 /* Main.storyboard */; };
		74A6AD471D2300C300B2BFD6 /* Assets.xcassets in Resources */ = {isa = PBXBuildFile; fileRef = 74A6AD461D2300C300B2BFD6 /* Assets.xcassets */; };
		74A6AD4A1D2300C300B2BFD6 /* LaunchScreen.storyboard in Resources */ = {isa = PBXBuildFile; fileRef = 74A6AD481D2300C300B2BFD6 /* LaunchScreen.storyboard */; };
/* End PBXBuildFile section */

/* Begin PBXFileReference section */
		749B4B571D2AE5C20063CAED /* Paddle.swift */ = {isa = PBXFileReference; fileEncoding = 4; lastKnownFileType = sourcecode.swift; path = Paddle.swift; sourceTree = "<group>"; };
		749B4B591D2C1C5E0063CAED /* MainMenu.sks */ = {isa = PBXFileReference; lastKnownFileType = file.sks; path = MainMenu.sks; sourceTree = "<group>"; };
		749B4B5B1D2C1C820063CAED /* MainMenu.swift */ = {isa = PBXFileReference; fileEncoding = 4; lastKnownFileType = sourcecode.swift; path = MainMenu.swift; sourceTree = "<group>"; };
		749B4B5D1D2C27C40063CAED /* Obstacle.swift */ = {isa = PBXFileReference; fileEncoding = 4; lastKnownFileType = sourcecode.swift; path = Obstacle.swift; sourceTree = "<group>"; };
		749B4B5F1D2C292B0063CAED /* PhysicsBitMasks.swift */ = {isa = PBXFileReference; fileEncoding = 4; lastKnownFileType = sourcecode.swift; path = PhysicsBitMasks.swift; sourceTree = "<group>"; };
		749B4B671D2C310A0063CAED /* PowerUp.swift */ = {isa = PBXFileReference; fileEncoding = 4; lastKnownFileType = sourcecode.swift; path = PowerUp.swift; sourceTree = "<group>"; };
		74A6AD381D2300C300B2BFD6 /* Schwifty.app */ = {isa = PBXFileReference; explicitFileType = wrapper.application; includeInIndex = 0; path = Schwifty.app; sourceTree = BUILT_PRODUCTS_DIR; };
		74A6AD3B1D2300C300B2BFD6 /* AppDelegate.swift */ = {isa = PBXFileReference; lastKnownFileType = sourcecode.swift; path = AppDelegate.swift; sourceTree = "<group>"; };
		74A6AD3D1D2300C300B2BFD6 /* GameScene.sks */ = {isa = PBXFileReference; lastKnownFileType = file.sks; path = GameScene.sks; sourceTree = "<group>"; };
		74A6AD3F1D2300C300B2BFD6 /* GameScene.swift */ = {isa = PBXFileReference; lastKnownFileType = sourcecode.swift; lineEnding = 0; path = GameScene.swift; sourceTree = "<group>"; xcLanguageSpecificationIdentifier = xcode.lang.swift; };
		74A6AD411D2300C300B2BFD6 /* GameViewController.swift */ = {isa = PBXFileReference; lastKnownFileType = sourcecode.swift; path = GameViewController.swift; sourceTree = "<group>"; };
		74A6AD441D2300C300B2BFD6 /* Base */ = {isa = PBXFileReference; lastKnownFileType = file.storyboard; name = Base; path = Base.lproj/Main.storyboard; sourceTree = "<group>"; };
		74A6AD461D2300C300B2BFD6 /* Assets.xcassets */ = {isa = PBXFileReference; lastKnownFileType = folder.assetcatalog; path = Assets.xcassets; sourceTree = "<group>"; };
		74A6AD491D2300C300B2BFD6 /* Base */ = {isa = PBXFileReference; lastKnownFileType = file.storyboard; name = Base; path = Base.lproj/LaunchScreen.storyboard; sourceTree = "<group>"; };
		74A6AD4B1D2300C300B2BFD6 /* Info.plist */ = {isa = PBXFileReference; lastKnownFileType = text.plist.xml; path = Info.plist; sourceTree = "<group>"; };
/* End PBXFileReference section */

/* Begin PBXFrameworksBuildPhase section */
		74A6AD351D2300C300B2BFD6 /* Frameworks */ = {
			isa = PBXFrameworksBuildPhase;
			buildActionMask = 2147483647;
			files = (
			);
			runOnlyForDeploymentPostprocessing = 0;
		};
/* End PBXFrameworksBuildPhase section */

/* Begin PBXGroup section */
		749B4B691D2C31400063CAED /* Objects */ = {
			isa = PBXGroup;
			children = (
				749B4B671D2C310A0063CAED /* PowerUp.swift */,
				749B4B5D1D2C27C40063CAED /* Obstacle.swift */,
				749B4B571D2AE5C20063CAED /* Paddle.swift */,
				749B4B5F1D2C292B0063CAED /* PhysicsBitMasks.swift */,
			);
			name = Objects;
			sourceTree = "<group>";
		};
		74A6AD2F1D2300C300B2BFD6 = {
			isa = PBXGroup;
			children = (
				74A6AD3A1D2300C300B2BFD6 /* Schwifty */,
				74A6AD391D2300C300B2BFD6 /* Products */,
			);
			sourceTree = "<group>";
		};
		74A6AD391D2300C300B2BFD6 /* Products */ = {
			isa = PBXGroup;
			children = (
				74A6AD381D2300C300B2BFD6 /* Schwifty.app */,
			);
			name = Products;
			sourceTree = "<group>";
		};
		74A6AD3A1D2300C300B2BFD6 /* Schwifty */ = {
			isa = PBXGroup;
			children = (
				749B4B691D2C31400063CAED /* Objects */,
				74A6AD3B1D2300C300B2BFD6 /* AppDelegate.swift */,
				74A6AD3D1D2300C300B2BFD6 /* GameScene.sks */,
				74A6AD3F1D2300C300B2BFD6 /* GameScene.swift */,
				749B4B591D2C1C5E0063CAED /* MainMenu.sks */,
				749B4B5B1D2C1C820063CAED /* MainMenu.swift */,
				74A6AD411D2300C300B2BFD6 /* GameViewController.swift */,
				74A6AD431D2300C300B2BFD6 /* Main.storyboard */,
				74A6AD461D2300C300B2BFD6 /* Assets.xcassets */,
				74A6AD481D2300C300B2BFD6 /* LaunchScreen.storyboard */,
				74A6AD4B1D2300C300B2BFD6 /* Info.plist */,
			);
			path = Schwifty;
			sourceTree = "<group>";
		};
/* End PBXGroup section */

/* Begin PBXNativeTarget section */
		74A6AD371D2300C300B2BFD6 /* Schwifty */ = {
			isa = PBXNativeTarget;
			buildConfigurationList = 74A6AD4E1D2300C300B2BFD6 /* Build configuration list for PBXNativeTarget "Schwifty" */;
			buildPhases = (
				74A6AD341D2300C300B2BFD6 /* Sources */,
				74A6AD351D2300C300B2BFD6 /* Frameworks */,
				74A6AD361D2300C300B2BFD6 /* Resources */,
			);
			buildRules = (
			);
			dependencies = (
			);
			name = Schwifty;
			productName = Schwifty;
			productReference = 74A6AD381D2300C300B2BFD6 /* Schwifty.app */;
			productType = "com.apple.product-type.application";
		};
/* End PBXNativeTarget section */

/* Begin PBXProject section */
		74A6AD301D2300C300B2BFD6 /* Project object */ = {
			isa = PBXProject;
			attributes = {
				LastSwiftUpdateCheck = 0730;
				LastUpgradeCheck = 0730;
				ORGANIZATIONNAME = Fourteen66;
				TargetAttributes = {
					74A6AD371D2300C300B2BFD6 = {
						CreatedOnToolsVersion = 7.3.1;
						DevelopmentTeam = P2PHUV57V5;
					};
				};
			};
			buildConfigurationList = 74A6AD331D2300C300B2BFD6 /* Build configuration list for PBXProject "Schwifty" */;
			compatibilityVersion = "Xcode 3.2";
			developmentRegion = English;
			hasScannedForEncodings = 0;
			knownRegions = (
				en,
				Base,
			);
			mainGroup = 74A6AD2F1D2300C300B2BFD6;
			productRefGroup = 74A6AD391D2300C300B2BFD6 /* Products */;
			projectDirPath = "";
			projectRoot = "";
			targets = (
				74A6AD371D2300C300B2BFD6 /* Schwifty */,
			);
		};
/* End PBXProject section */

/* Begin PBXResourcesBuildPhase section */
		74A6AD361D2300C300B2BFD6 /* Resources */ = {
			isa = PBXResourcesBuildPhase;
			buildActionMask = 2147483647;
			files = (
				74A6AD3E1D2300C300B2BFD6 /* GameScene.sks in Resources */,
				74A6AD4A1D2300C300B2BFD6 /* LaunchScreen.storyboard in Resources */,
				74A6AD471D2300C300B2BFD6 /* Assets.xcassets in Resources */,
				749B4B5A1D2C1C5E0063CAED /* MainMenu.sks in Resources */,
				74A6AD451D2300C300B2BFD6 /* Main.storyboard in Resources */,
			);
			runOnlyForDeploymentPostprocessing = 0;
		};
/* End PBXResourcesBuildPhase section */

/* Begin PBXSourcesBuildPhase section */
		74A6AD341D2300C300B2BFD6 /* Sources */ = {
			isa = PBXSourcesBuildPhase;
			buildActionMask = 2147483647;
			files = (
				749B4B5C1D2C1C820063CAED /* MainMenu.swift in Sources */,
				74A6AD401D2300C300B2BFD6 /* GameScene.swift in Sources */,
				749B4B681D2C310A0063CAED /* PowerUp.swift in Sources */,
				749B4B601D2C292B0063CAED /* PhysicsBitMasks.swift in Sources */,
				749B4B5E1D2C27C40063CAED /* Obstacle.swift in Sources */,
				749B4B581D2AE5C20063CAED /* Paddle.swift in Sources */,
				74A6AD421D2300C300B2BFD6 /* GameViewController.swift in Sources */,
				74A6AD3C1D2300C300B2BFD6 /* AppDelegate.swift in Sources */,
			);
			runOnlyForDeploymentPostprocessing = 0;
		};
/* End PBXSourcesBuildPhase section */

/* Begin PBXVariantGroup section */
		74A6AD431D2300C300B2BFD6 /* Main.storyboard */ = {
			isa = PBXVariantGroup;
			children = (
				74A6AD441D2300C300B2BFD6 /* Base */,
			);
			name = Main.storyboard;
			sourceTree = "<group>";
		};
		74A6AD481D2300C300B2BFD6 /* LaunchScreen.storyboard */ = {
			isa = PBXVariantGroup;
			children = (
				74A6AD491D2300C300B2BFD6 /* Base */,
			);
			name = LaunchScreen.storyboard;
			sourceTree = "<group>";
		};
/* End PBXVariantGroup section */

/* Begin XCBuildConfiguration section */
		74A6AD4C1D2300C300B2BFD6 /* Debug */ = {
			isa = XCBuildConfiguration;
			buildSettings = {
				ALWAYS_SEARCH_USER_PATHS = NO;
				CLANG_ANALYZER_NONNULL = YES;
				CLANG_CXX_LANGUAGE_STANDARD = "gnu++0x";
				CLANG_CXX_LIBRARY = "libc++";
				CLANG_ENABLE_MODULES = YES;
				CLANG_ENABLE_OBJC_ARC = YES;
				CLANG_WARN_BOOL_CONVERSION = YES;
				CLANG_WARN_CONSTANT_CONVERSION = YES;
				CLANG_WARN_DIRECT_OBJC_ISA_USAGE = YES_ERROR;
				CLANG_WARN_EMPTY_BODY = YES;
				CLANG_WARN_ENUM_CONVERSION = YES;
				CLANG_WARN_INT_CONVERSION = YES;
				CLANG_WARN_OBJC_ROOT_CLASS = YES_ERROR;
				CLANG_WARN_UNREACHABLE_CODE = YES;
				CLANG_WARN__DUPLICATE_METHOD_MATCH = YES;
				"CODE_SIGN_IDENTITY[sdk=iphoneos*]" = "iPhone Developer";
				COPY_PHASE_STRIP = NO;
				DEBUG_INFORMATION_FORMAT = "dwarf-with-dsym";
				ENABLE_STRICT_OBJC_MSGSEND = YES;
				ENABLE_TESTABILITY = YES;
				GCC_C_LANGUAGE_STANDARD = gnu99;
				GCC_DYNAMIC_NO_PIC = NO;
				GCC_NO_COMMON_BLOCKS = YES;
				GCC_OPTIMIZATION_LEVEL = 0;
				GCC_PREPROCESSOR_DEFINITIONS = (
					"DEBUG=1",
					"$(inherited)",
				);
				GCC_WARN_64_TO_32_BIT_CONVERSION = YES;
				GCC_WARN_ABOUT_RETURN_TYPE = YES_ERROR;
				GCC_WARN_UNDECLARED_SELECTOR = YES;
				GCC_WARN_UNINITIALIZED_AUTOS = YES_AGGRESSIVE;
				GCC_WARN_UNUSED_FUNCTION = YES;
				GCC_WARN_UNUSED_VARIABLE = YES;
				IPHONEOS_DEPLOYMENT_TARGET = 9.3;
				MTL_ENABLE_DEBUG_INFO = YES;
				ONLY_ACTIVE_ARCH = YES;
				SDKROOT = iphoneos;
				SWIFT_OPTIMIZATION_LEVEL = "-Onone";
			};
			name = Debug;
		};
		74A6AD4D1D2300C300B2BFD6 /* Release */ = {
			isa = XCBuildConfiguration;
			buildSettings = {
				ALWAYS_SEARCH_USER_PATHS = NO;
				CLANG_ANALYZER_NONNULL = YES;
				CLANG_CXX_LANGUAGE_STANDARD = "gnu++0x";
				CLANG_CXX_LIBRARY = "libc++";
				CLANG_ENABLE_MODULES = YES;
				CLANG_ENABLE_OBJC_ARC = YES;
				CLANG_WARN_BOOL_CONVERSION = YES;
				CLANG_WARN_CONSTANT_CONVERSION = YES;
				CLANG_WARN_DIRECT_OBJC_ISA_USAGE = YES_ERROR;
				CLANG_WARN_EMPTY_BODY = YES;
				CLANG_WARN_ENUM_CONVERSION = YES;
				CLANG_WARN_INT_CONVERSION = YES;
				CLANG_WARN_OBJC_ROOT_CLASS = YES_ERROR;
				CLANG_WARN_UNREACHABLE_CODE = YES;
				CLANG_WARN__DUPLICATE_METHOD_MATCH = YES;
				"CODE_SIGN_IDENTITY[sdk=iphoneos*]" = "iPhone Developer";
				COPY_PHASE_STRIP = NO;
				DEBUG_INFORMATION_FORMAT = "dwarf-with-dsym";
				ENABLE_NS_ASSERTIONS = NO;
				ENABLE_STRICT_OBJC_MSGSEND = YES;
				GCC_C_LANGUAGE_STANDARD = gnu99;
				GCC_NO_COMMON_BLOCKS = YES;
				GCC_WARN_64_TO_32_BIT_CONVERSION = YES;
				GCC_WARN_ABOUT_RETURN_TYPE = YES_ERROR;
				GCC_WARN_UNDECLARED_SELECTOR = YES;
				GCC_WARN_UNINITIALIZED_AUTOS = YES_AGGRESSIVE;
				GCC_WARN_UNUSED_FUNCTION = YES;
				GCC_WARN_UNUSED_VARIABLE = YES;
				IPHONEOS_DEPLOYMENT_TARGET = 9.3;
				MTL_ENABLE_DEBUG_INFO = NO;
				SDKROOT = iphoneos;
				VALIDATE_PRODUCT = YES;
			};
			name = Release;
		};
		74A6AD4F1D2300C300B2BFD6 /* Debug */ = {
			isa = XCBuildConfiguration;
			buildSettings = {
				ASSETCATALOG_COMPILER_APPICON_NAME = AppIcon;
				CODE_SIGN_IDENTITY = "iPhone Developer";
				INFOPLIST_FILE = Schwifty/Info.plist;
				LD_RUNPATH_SEARCH_PATHS = "$(inherited) @executable_path/Frameworks";
				PRODUCT_BUNDLE_IDENTIFIER = com.fourteen66.Schwifty;
				PRODUCT_NAME = "$(TARGET_NAME)";
			};
			name = Debug;
		};
		74A6AD501D2300C300B2BFD6 /* Release */ = {
			isa = XCBuildConfiguration;
			buildSettings = {
				ASSETCATALOG_COMPILER_APPICON_NAME = AppIcon;
				CODE_SIGN_IDENTITY = "iPhone Developer";
				INFOPLIST_FILE = Schwifty/Info.plist;
				LD_RUNPATH_SEARCH_PATHS = "$(inherited) @executable_path/Frameworks";
				PRODUCT_BUNDLE_IDENTIFIER = com.fourteen66.Schwifty;
				PRODUCT_NAME = "$(TARGET_NAME)";
			};
			name = Release;
		};
/* End XCBuildConfiguration section */

/* Begin XCConfigurationList section */
		74A6AD331D2300C300B2BFD6 /* Build configuration list for PBXProject "Schwifty" */ = {
			isa = XCConfigurationList;
			buildConfigurations = (
				74A6AD4C1D2300C300B2BFD6 /* Debug */,
				74A6AD4D1D2300C300B2BFD6 /* Release */,
			);
			defaultConfigurationIsVisible = 0;
			defaultConfigurationName = Release;
		};
		74A6AD4E1D2300C300B2BFD6 /* Build configuration list for PBXNativeTarget "Schwifty" */ = {
			isa = XCConfigurationList;
			buildConfigurations = (
				74A6AD4F1D2300C300B2BFD6 /* Debug */,
				74A6AD501D2300C300B2BFD6 /* Release */,
			);
			defaultConfigurationIsVisible = 0;
			defaultConfigurationName = Release;
		};
/* End XCConfigurationList section */
	};
	rootObject = 74A6AD301D2300C300B2BFD6 /* Project object */;
}
